// !$*UTF8*$!
{
	archiveVersion = 1;
	classes = {
	};
	objectVersion = 55;
	objects = {

/* Begin PBXBuildFile section */
		372744962834BBB600154DC0 /* EmptyFeedTableViewCell.swift in Sources */ = {isa = PBXBuildFile; fileRef = 372744952834BBB600154DC0 /* EmptyFeedTableViewCell.swift */; };
		372744982835151900154DC0 /* PostCellTableViewCell.swift in Sources */ = {isa = PBXBuildFile; fileRef = 372744972835151900154DC0 /* PostCellTableViewCell.swift */; };
		374CC6F3281DF16300383139 /* GoogleService-Info.plist in Resources */ = {isa = PBXBuildFile; fileRef = 374CC6F2281DF16300383139 /* GoogleService-Info.plist */; };
		374CC6F8281DF5B900383139 /* FirebaseAuth in Frameworks */ = {isa = PBXBuildFile; productRef = 374CC6F7281DF5B900383139 /* FirebaseAuth */; };
		374CC6FC281DF5B900383139 /* FirebaseFirestore in Frameworks */ = {isa = PBXBuildFile; productRef = 374CC6FB281DF5B900383139 /* FirebaseFirestore */; };
		374CC700281DF5B900383139 /* FirebaseStorage in Frameworks */ = {isa = PBXBuildFile; productRef = 374CC6FF281DF5B900383139 /* FirebaseStorage */; };
		374CC704281E076C00383139 /* MainFeedViewController.swift in Sources */ = {isa = PBXBuildFile; fileRef = 374CC703281E076C00383139 /* MainFeedViewController.swift */; };
		374CC706281E078300383139 /* UploadViewController.swift in Sources */ = {isa = PBXBuildFile; fileRef = 374CC705281E078300383139 /* UploadViewController.swift */; };
		374CC708281E078F00383139 /* ProfileViewController.swift in Sources */ = {isa = PBXBuildFile; fileRef = 374CC707281E078F00383139 /* ProfileViewController.swift */; };
		374CC70A281E079B00383139 /* SettingsViewController.swift in Sources */ = {isa = PBXBuildFile; fileRef = 374CC709281E079B00383139 /* SettingsViewController.swift */; };
		3752E1CB2839235F003D3FAE /* CirclesViewController.swift in Sources */ = {isa = PBXBuildFile; fileRef = 3752E1CA2839235F003D3FAE /* CirclesViewController.swift */; };
		37550D09281598D90034BB63 /* AppDelegate.swift in Sources */ = {isa = PBXBuildFile; fileRef = 37550D08281598D90034BB63 /* AppDelegate.swift */; };
		37550D0B281598D90034BB63 /* SceneDelegate.swift in Sources */ = {isa = PBXBuildFile; fileRef = 37550D0A281598D90034BB63 /* SceneDelegate.swift */; };
		37550D0D281598D90034BB63 /* LoginViewController.swift in Sources */ = {isa = PBXBuildFile; fileRef = 37550D0C281598D90034BB63 /* LoginViewController.swift */; };
		37550D10281598D90034BB63 /* Main.storyboard in Resources */ = {isa = PBXBuildFile; fileRef = 37550D0E281598D90034BB63 /* Main.storyboard */; };
		37550D13281598D90034BB63 /* Snapstory_Demo.xcdatamodeld in Sources */ = {isa = PBXBuildFile; fileRef = 37550D11281598D90034BB63 /* Snapstory_Demo.xcdatamodeld */; };
		37550D15281598DB0034BB63 /* Assets.xcassets in Resources */ = {isa = PBXBuildFile; fileRef = 37550D14281598DB0034BB63 /* Assets.xcassets */; };
		37550D18281598DB0034BB63 /* LaunchScreen.storyboard in Resources */ = {isa = PBXBuildFile; fileRef = 37550D16281598DB0034BB63 /* LaunchScreen.storyboard */; };
		37656DD6295CD5AF00EEFB98 /* Firebase.swift in Sources */ = {isa = PBXBuildFile; fileRef = 37656DD5295CD5AF00EEFB98 /* Firebase.swift */; };
		3768427928404D6800C8156A /* ProfileEditViewController.swift in Sources */ = {isa = PBXBuildFile; fileRef = 3768427828404D6800C8156A /* ProfileEditViewController.swift */; };
		37839214281F53FE002B7925 /* RegisterViewController.swift in Sources */ = {isa = PBXBuildFile; fileRef = 37839213281F53FE002B7925 /* RegisterViewController.swift */; };
		37839217281F572A002B7925 /* Alerts.swift in Sources */ = {isa = PBXBuildFile; fileRef = 37839216281F572A002B7925 /* Alerts.swift */; };
		378D4780282FE02100CECCAB /* PostLocationViewController.swift in Sources */ = {isa = PBXBuildFile; fileRef = 378D477F282FE02100CECCAB /* PostLocationViewController.swift */; };
		379D930E2959B74F00DE8085 /* UIViewController+Alerts.swift in Sources */ = {isa = PBXBuildFile; fileRef = 379D930D2959B74F00DE8085 /* UIViewController+Alerts.swift */; };
		379D9316295A1F8800DE8085 /* UIViewController+Extension.swift in Sources */ = {isa = PBXBuildFile; fileRef = 379D9315295A1F8800DE8085 /* UIViewController+Extension.swift */; };
		379D9318295C47E000DE8085 /* User.swift in Sources */ = {isa = PBXBuildFile; fileRef = 379D9317295C47E000DE8085 /* User.swift */; };
		379D931A295C4ACD00DE8085 /* UserViewModel.swift in Sources */ = {isa = PBXBuildFile; fileRef = 379D9319295C4ACD00DE8085 /* UserViewModel.swift */; };
		379D931D295C5B2600DE8085 /* FirebaseFirestoreSwift-Beta in Frameworks */ = {isa = PBXBuildFile; productRef = 379D931C295C5B2600DE8085 /* FirebaseFirestoreSwift-Beta */; };
		37AE0A9B282B9C4F00998BCF /* Picker.swift in Sources */ = {isa = PBXBuildFile; fileRef = 37AE0A9A282B9C4F00998BCF /* Picker.swift */; };
		37C5038E2837251900A750F6 /* UserSingleton.swift in Sources */ = {isa = PBXBuildFile; fileRef = 37C5038D2837251900A750F6 /* UserSingleton.swift */; };
		37CAFF3428396FE100A06FFB /* FollowingTableViewCell.swift in Sources */ = {isa = PBXBuildFile; fileRef = 37CAFF3328396FE100A06FFB /* FollowingTableViewCell.swift */; };
		37F440F2284A08A8008F20B3 /* SearchPopUpViewController.swift in Sources */ = {isa = PBXBuildFile; fileRef = 37F440F1284A08A7008F20B3 /* SearchPopUpViewController.swift */; };
/* End PBXBuildFile section */

/* Begin PBXFileReference section */
		372744952834BBB600154DC0 /* EmptyFeedTableViewCell.swift */ = {isa = PBXFileReference; lastKnownFileType = sourcecode.swift; path = EmptyFeedTableViewCell.swift; sourceTree = "<group>"; };
		372744972835151900154DC0 /* PostCellTableViewCell.swift */ = {isa = PBXFileReference; lastKnownFileType = sourcecode.swift; path = PostCellTableViewCell.swift; sourceTree = "<group>"; };
		374CC6F2281DF16300383139 /* GoogleService-Info.plist */ = {isa = PBXFileReference; fileEncoding = 4; lastKnownFileType = text.plist.xml; path = "GoogleService-Info.plist"; sourceTree = "<group>"; };
		374CC703281E076C00383139 /* MainFeedViewController.swift */ = {isa = PBXFileReference; lastKnownFileType = sourcecode.swift; path = MainFeedViewController.swift; sourceTree = "<group>"; };
		374CC705281E078300383139 /* UploadViewController.swift */ = {isa = PBXFileReference; lastKnownFileType = sourcecode.swift; path = UploadViewController.swift; sourceTree = "<group>"; };
		374CC707281E078F00383139 /* ProfileViewController.swift */ = {isa = PBXFileReference; lastKnownFileType = sourcecode.swift; path = ProfileViewController.swift; sourceTree = "<group>"; };
		374CC709281E079B00383139 /* SettingsViewController.swift */ = {isa = PBXFileReference; lastKnownFileType = sourcecode.swift; path = SettingsViewController.swift; sourceTree = "<group>"; };
		3752E1CA2839235F003D3FAE /* CirclesViewController.swift */ = {isa = PBXFileReference; lastKnownFileType = sourcecode.swift; path = CirclesViewController.swift; sourceTree = "<group>"; };
		37550D05281598D90034BB63 /* Snapstory Demo.app */ = {isa = PBXFileReference; explicitFileType = wrapper.application; includeInIndex = 0; path = "Snapstory Demo.app"; sourceTree = BUILT_PRODUCTS_DIR; };
		37550D08281598D90034BB63 /* AppDelegate.swift */ = {isa = PBXFileReference; lastKnownFileType = sourcecode.swift; path = AppDelegate.swift; sourceTree = "<group>"; };
		37550D0A281598D90034BB63 /* SceneDelegate.swift */ = {isa = PBXFileReference; lastKnownFileType = sourcecode.swift; path = SceneDelegate.swift; sourceTree = "<group>"; };
		37550D0C281598D90034BB63 /* LoginViewController.swift */ = {isa = PBXFileReference; lastKnownFileType = sourcecode.swift; path = LoginViewController.swift; sourceTree = "<group>"; };
		37550D0F281598D90034BB63 /* Base */ = {isa = PBXFileReference; lastKnownFileType = file.storyboard; name = Base; path = Base.lproj/Main.storyboard; sourceTree = "<group>"; };
		37550D12281598D90034BB63 /* Snapstory_Demo.xcdatamodel */ = {isa = PBXFileReference; lastKnownFileType = wrapper.xcdatamodel; path = Snapstory_Demo.xcdatamodel; sourceTree = "<group>"; };
		37550D14281598DB0034BB63 /* Assets.xcassets */ = {isa = PBXFileReference; lastKnownFileType = folder.assetcatalog; path = Assets.xcassets; sourceTree = "<group>"; };
		37550D17281598DB0034BB63 /* Base */ = {isa = PBXFileReference; lastKnownFileType = file.storyboard; name = Base; path = Base.lproj/LaunchScreen.storyboard; sourceTree = "<group>"; };
		37550D19281598DB0034BB63 /* Info.plist */ = {isa = PBXFileReference; lastKnownFileType = text.plist.xml; path = Info.plist; sourceTree = "<group>"; };
		37656DD5295CD5AF00EEFB98 /* Firebase.swift */ = {isa = PBXFileReference; lastKnownFileType = sourcecode.swift; path = Firebase.swift; sourceTree = "<group>"; };
		3768427828404D6800C8156A /* ProfileEditViewController.swift */ = {isa = PBXFileReference; lastKnownFileType = sourcecode.swift; path = ProfileEditViewController.swift; sourceTree = "<group>"; };
		37839213281F53FE002B7925 /* RegisterViewController.swift */ = {isa = PBXFileReference; lastKnownFileType = sourcecode.swift; path = RegisterViewController.swift; sourceTree = "<group>"; };
		37839216281F572A002B7925 /* Alerts.swift */ = {isa = PBXFileReference; lastKnownFileType = sourcecode.swift; path = Alerts.swift; sourceTree = "<group>"; };
		378D477F282FE02100CECCAB /* PostLocationViewController.swift */ = {isa = PBXFileReference; lastKnownFileType = sourcecode.swift; path = PostLocationViewController.swift; sourceTree = "<group>"; };
		379D930D2959B74F00DE8085 /* UIViewController+Alerts.swift */ = {isa = PBXFileReference; lastKnownFileType = sourcecode.swift; path = "UIViewController+Alerts.swift"; sourceTree = "<group>"; };
		379D9315295A1F8800DE8085 /* UIViewController+Extension.swift */ = {isa = PBXFileReference; lastKnownFileType = sourcecode.swift; path = "UIViewController+Extension.swift"; sourceTree = "<group>"; };
		379D9317295C47E000DE8085 /* User.swift */ = {isa = PBXFileReference; lastKnownFileType = sourcecode.swift; path = User.swift; sourceTree = "<group>"; };
		379D9319295C4ACD00DE8085 /* UserViewModel.swift */ = {isa = PBXFileReference; lastKnownFileType = sourcecode.swift; path = UserViewModel.swift; sourceTree = "<group>"; };
		37AE0A9A282B9C4F00998BCF /* Picker.swift */ = {isa = PBXFileReference; lastKnownFileType = sourcecode.swift; path = Picker.swift; sourceTree = "<group>"; };
		37C5038D2837251900A750F6 /* UserSingleton.swift */ = {isa = PBXFileReference; lastKnownFileType = sourcecode.swift; path = UserSingleton.swift; sourceTree = "<group>"; };
		37CAFF3328396FE100A06FFB /* FollowingTableViewCell.swift */ = {isa = PBXFileReference; lastKnownFileType = sourcecode.swift; path = FollowingTableViewCell.swift; sourceTree = "<group>"; };
		37F440F1284A08A7008F20B3 /* SearchPopUpViewController.swift */ = {isa = PBXFileReference; lastKnownFileType = sourcecode.swift; path = SearchPopUpViewController.swift; sourceTree = "<group>"; };
/* End PBXFileReference section */

/* Begin PBXFrameworksBuildPhase section */
		37550D02281598D90034BB63 /* Frameworks */ = {
			isa = PBXFrameworksBuildPhase;
			buildActionMask = 2147483647;
			files = (
				374CC6FC281DF5B900383139 /* FirebaseFirestore in Frameworks */,
				379D931D295C5B2600DE8085 /* FirebaseFirestoreSwift-Beta in Frameworks */,
				374CC6F8281DF5B900383139 /* FirebaseAuth in Frameworks */,
				374CC700281DF5B900383139 /* FirebaseStorage in Frameworks */,
			);
			runOnlyForDeploymentPostprocessing = 0;
		};
/* End PBXFrameworksBuildPhase section */

/* Begin PBXGroup section */
		374CC70B281E07A800383139 /* Delegates */ = {
			isa = PBXGroup;
			children = (
				37550D08281598D90034BB63 /* AppDelegate.swift */,
				37550D0A281598D90034BB63 /* SceneDelegate.swift */,
			);
			path = Delegates;
			sourceTree = "<group>";
		};
		374CC70C281E07BA00383139 /* Screens */ = {
			isa = PBXGroup;
			children = (
				3752E1BE28391D3B003D3FAE /* Login-Register Screen */,
				3752E1BD28391D22003D3FAE /* Feed Screen */,
				3768427A284055DD00C8156A /* Upload Screen */,
				3752E1C22839228A003D3FAE /* Circles Screen */,
				3752E1C028391D69003D3FAE /* Profile Screen */,
				3752E1BF28391D5C003D3FAE /* Settings Screen */,
			);
			path = Screens;
			sourceTree = "<group>";
		};
		3752E1BD28391D22003D3FAE /* Feed Screen */ = {
			isa = PBXGroup;
			children = (
				374CC703281E076C00383139 /* MainFeedViewController.swift */,
				3752E1C128391DA0003D3FAE /* Cells */,
			);
			path = "Feed Screen";
			sourceTree = "<group>";
		};
		3752E1BE28391D3B003D3FAE /* Login-Register Screen */ = {
			isa = PBXGroup;
			children = (
				37550D0C281598D90034BB63 /* LoginViewController.swift */,
				37839213281F53FE002B7925 /* RegisterViewController.swift */,
			);
			path = "Login-Register Screen";
			sourceTree = "<group>";
		};
		3752E1BF28391D5C003D3FAE /* Settings Screen */ = {
			isa = PBXGroup;
			children = (
				374CC709281E079B00383139 /* SettingsViewController.swift */,
			);
			path = "Settings Screen";
			sourceTree = "<group>";
		};
		3752E1C028391D69003D3FAE /* Profile Screen */ = {
			isa = PBXGroup;
			children = (
				374CC707281E078F00383139 /* ProfileViewController.swift */,
				3768427828404D6800C8156A /* ProfileEditViewController.swift */,
			);
			path = "Profile Screen";
			sourceTree = "<group>";
		};
		3752E1C128391DA0003D3FAE /* Cells */ = {
			isa = PBXGroup;
			children = (
				372744952834BBB600154DC0 /* EmptyFeedTableViewCell.swift */,
				372744972835151900154DC0 /* PostCellTableViewCell.swift */,
			);
			path = Cells;
			sourceTree = "<group>";
		};
		3752E1C22839228A003D3FAE /* Circles Screen */ = {
			isa = PBXGroup;
			children = (
				3752E1CA2839235F003D3FAE /* CirclesViewController.swift */,
				37CAFF3328396FE100A06FFB /* FollowingTableViewCell.swift */,
				37F440F1284A08A7008F20B3 /* SearchPopUpViewController.swift */,
			);
			path = "Circles Screen";
			sourceTree = "<group>";
		};
		37550CFC281598D90034BB63 = {
			isa = PBXGroup;
			children = (
				37550D07281598D90034BB63 /* Snapstory Demo */,
				37550D06281598D90034BB63 /* Products */,
				379D931B295C5B2600DE8085 /* Frameworks */,
			);
			sourceTree = "<group>";
		};
		37550D06281598D90034BB63 /* Products */ = {
			isa = PBXGroup;
			children = (
				37550D05281598D90034BB63 /* Snapstory Demo.app */,
			);
			name = Products;
			sourceTree = "<group>";
		};
		37550D07281598D90034BB63 /* Snapstory Demo */ = {
			isa = PBXGroup;
			children = (
				374CC6F2281DF16300383139 /* GoogleService-Info.plist */,
				379D93122959BFA100DE8085 /* App */,
				379D93112959BF9100DE8085 /* Plists */,
				379D930F2959B90E00DE8085 /* Extensions */,
				37839215281F5708002B7925 /* Models */,
				374CC70B281E07A800383139 /* Delegates */,
				374CC70C281E07BA00383139 /* Screens */,
				375E62A7282B112D00D05AFC /* Storyboard */,
				37550D14281598DB0034BB63 /* Assets.xcassets */,
				37550D16281598DB0034BB63 /* LaunchScreen.storyboard */,
				37550D11281598D90034BB63 /* Snapstory_Demo.xcdatamodeld */,
			);
			path = "Snapstory Demo";
			sourceTree = "<group>";
		};
		375E62A7282B112D00D05AFC /* Storyboard */ = {
			isa = PBXGroup;
			children = (
				37550D0E281598D90034BB63 /* Main.storyboard */,
			);
			path = Storyboard;
			sourceTree = "<group>";
		};
		37656DD4295CD57A00EEFB98 /* Firebase */ = {
			isa = PBXGroup;
			children = (
				37656DD5295CD5AF00EEFB98 /* Firebase.swift */,
			);
			path = Firebase;
			sourceTree = "<group>";
		};
		3768427A284055DD00C8156A /* Upload Screen */ = {
			isa = PBXGroup;
			children = (
				374CC705281E078300383139 /* UploadViewController.swift */,
				378D477F282FE02100CECCAB /* PostLocationViewController.swift */,
			);
			path = "Upload Screen";
			sourceTree = "<group>";
		};
		37839215281F5708002B7925 /* Models */ = {
			isa = PBXGroup;
			children = (
				37839216281F572A002B7925 /* Alerts.swift */,
				37C5038D2837251900A750F6 /* UserSingleton.swift */,
				379D9317295C47E000DE8085 /* User.swift */,
				379D9319295C4ACD00DE8085 /* UserViewModel.swift */,
			);
			path = Models;
			sourceTree = "<group>";
		};
		379D930F2959B90E00DE8085 /* Extensions */ = {
			isa = PBXGroup;
			children = (
				379D930D2959B74F00DE8085 /* UIViewController+Alerts.swift */,
				379D9315295A1F8800DE8085 /* UIViewController+Extension.swift */,
			);
			path = Extensions;
			sourceTree = "<group>";
		};
		379D93112959BF9100DE8085 /* Plists */ = {
			isa = PBXGroup;
			children = (
				37550D19281598DB0034BB63 /* Info.plist */,
			);
			path = Plists;
			sourceTree = "<group>";
		};
		379D93122959BFA100DE8085 /* App */ = {
			isa = PBXGroup;
			children = (
				37656DD4295CD57A00EEFB98 /* Firebase */,
				379D93142959C00600DE8085 /* Image Picker */,
			);
			path = App;
			sourceTree = "<group>";
		};
		379D93142959C00600DE8085 /* Image Picker */ = {
			isa = PBXGroup;
			children = (
				37AE0A9A282B9C4F00998BCF /* Picker.swift */,
			);
			path = "Image Picker";
			sourceTree = "<group>";
		};
		379D931B295C5B2600DE8085 /* Frameworks */ = {
			isa = PBXGroup;
			children = (
			);
			name = Frameworks;
			sourceTree = "<group>";
		};
/* End PBXGroup section */

/* Begin PBXNativeTarget section */
		37550D04281598D90034BB63 /* Snapstory Demo */ = {
			isa = PBXNativeTarget;
			buildConfigurationList = 37550D1C281598DB0034BB63 /* Build configuration list for PBXNativeTarget "Snapstory Demo" */;
			buildPhases = (
				37550D01281598D90034BB63 /* Sources */,
				37550D02281598D90034BB63 /* Frameworks */,
				37550D03281598D90034BB63 /* Resources */,
			);
			buildRules = (
			);
			dependencies = (
			);
			name = "Snapstory Demo";
			packageProductDependencies = (
				374CC6F7281DF5B900383139 /* FirebaseAuth */,
				374CC6FB281DF5B900383139 /* FirebaseFirestore */,
				374CC6FF281DF5B900383139 /* FirebaseStorage */,
				379D931C295C5B2600DE8085 /* FirebaseFirestoreSwift-Beta */,
			);
			productName = "Snapstory Demo";
			productReference = 37550D05281598D90034BB63 /* Snapstory Demo.app */;
			productType = "com.apple.product-type.application";
		};
/* End PBXNativeTarget section */

/* Begin PBXProject section */
		37550CFD281598D90034BB63 /* Project object */ = {
			isa = PBXProject;
			attributes = {
				BuildIndependentTargetsInParallel = 1;
				LastSwiftUpdateCheck = 1330;
				LastUpgradeCheck = 1330;
				TargetAttributes = {
					37550D04281598D90034BB63 = {
						CreatedOnToolsVersion = 13.3.1;
						LastSwiftMigration = 1340;
					};
				};
			};
			buildConfigurationList = 37550D00281598D90034BB63 /* Build configuration list for PBXProject "Snapstory Demo" */;
			compatibilityVersion = "Xcode 13.0";
			developmentRegion = en;
			hasScannedForEncodings = 0;
			knownRegions = (
				en,
				Base,
			);
			mainGroup = 37550CFC281598D90034BB63;
			packageReferences = (
				374CC6F4281DF5B900383139 /* XCRemoteSwiftPackageReference "firebase-ios-sdk" */,
			);
			productRefGroup = 37550D06281598D90034BB63 /* Products */;
			projectDirPath = "";
			projectRoot = "";
			targets = (
				37550D04281598D90034BB63 /* Snapstory Demo */,
			);
		};
/* End PBXProject section */

/* Begin PBXResourcesBuildPhase section */
		37550D03281598D90034BB63 /* Resources */ = {
			isa = PBXResourcesBuildPhase;
			buildActionMask = 2147483647;
			files = (
				37550D18281598DB0034BB63 /* LaunchScreen.storyboard in Resources */,
				374CC6F3281DF16300383139 /* GoogleService-Info.plist in Resources */,
				37550D15281598DB0034BB63 /* Assets.xcassets in Resources */,
				37550D10281598D90034BB63 /* Main.storyboard in Resources */,
			);
			runOnlyForDeploymentPostprocessing = 0;
		};
/* End PBXResourcesBuildPhase section */

/* Begin PBXSourcesBuildPhase section */
		37550D01281598D90034BB63 /* Sources */ = {
			isa = PBXSourcesBuildPhase;
			buildActionMask = 2147483647;
			files = (
				37550D0D281598D90034BB63 /* LoginViewController.swift in Sources */,
				374CC706281E078300383139 /* UploadViewController.swift in Sources */,
				374CC704281E076C00383139 /* MainFeedViewController.swift in Sources */,
				379D930E2959B74F00DE8085 /* UIViewController+Alerts.swift in Sources */,
				37550D09281598D90034BB63 /* AppDelegate.swift in Sources */,
				372744962834BBB600154DC0 /* EmptyFeedTableViewCell.swift in Sources */,
				3752E1CB2839235F003D3FAE /* CirclesViewController.swift in Sources */,
				37F440F2284A08A8008F20B3 /* SearchPopUpViewController.swift in Sources */,
				372744982835151900154DC0 /* PostCellTableViewCell.swift in Sources */,
				37550D13281598D90034BB63 /* Snapstory_Demo.xcdatamodeld in Sources */,
				379D931A295C4ACD00DE8085 /* UserViewModel.swift in Sources */,
				379D9318295C47E000DE8085 /* User.swift in Sources */,
				37839214281F53FE002B7925 /* RegisterViewController.swift in Sources */,
				37C5038E2837251900A750F6 /* UserSingleton.swift in Sources */,
				3768427928404D6800C8156A /* ProfileEditViewController.swift in Sources */,
				37839217281F572A002B7925 /* Alerts.swift in Sources */,
				374CC708281E078F00383139 /* ProfileViewController.swift in Sources */,
				37550D0B281598D90034BB63 /* SceneDelegate.swift in Sources */,
				37656DD6295CD5AF00EEFB98 /* Firebase.swift in Sources */,
				374CC70A281E079B00383139 /* SettingsViewController.swift in Sources */,
				378D4780282FE02100CECCAB /* PostLocationViewController.swift in Sources */,
				379D9316295A1F8800DE8085 /* UIViewController+Extension.swift in Sources */,
				37CAFF3428396FE100A06FFB /* FollowingTableViewCell.swift in Sources */,
				37AE0A9B282B9C4F00998BCF /* Picker.swift in Sources */,
			);
			runOnlyForDeploymentPostprocessing = 0;
		};
/* End PBXSourcesBuildPhase section */

/* Begin PBXVariantGroup section */
		37550D0E281598D90034BB63 /* Main.storyboard */ = {
			isa = PBXVariantGroup;
			children = (
				37550D0F281598D90034BB63 /* Base */,
			);
			name = Main.storyboard;
			sourceTree = "<group>";
		};
		37550D16281598DB0034BB63 /* LaunchScreen.storyboard */ = {
			isa = PBXVariantGroup;
			children = (
				37550D17281598DB0034BB63 /* Base */,
			);
			name = LaunchScreen.storyboard;
			sourceTree = "<group>";
		};
/* End PBXVariantGroup section */

/* Begin XCBuildConfiguration section */
		37550D1A281598DB0034BB63 /* Debug */ = {
			isa = XCBuildConfiguration;
			buildSettings = {
				ALWAYS_SEARCH_USER_PATHS = NO;
				CLANG_ANALYZER_NONNULL = YES;
				CLANG_ANALYZER_NUMBER_OBJECT_CONVERSION = YES_AGGRESSIVE;
				CLANG_CXX_LANGUAGE_STANDARD = "gnu++17";
				CLANG_ENABLE_MODULES = YES;
				CLANG_ENABLE_OBJC_ARC = YES;
				CLANG_ENABLE_OBJC_WEAK = YES;
				CLANG_WARN_BLOCK_CAPTURE_AUTORELEASING = YES;
				CLANG_WARN_BOOL_CONVERSION = YES;
				CLANG_WARN_COMMA = YES;
				CLANG_WARN_CONSTANT_CONVERSION = YES;
				CLANG_WARN_DEPRECATED_OBJC_IMPLEMENTATIONS = YES;
				CLANG_WARN_DIRECT_OBJC_ISA_USAGE = YES_ERROR;
				CLANG_WARN_DOCUMENTATION_COMMENTS = YES;
				CLANG_WARN_EMPTY_BODY = YES;
				CLANG_WARN_ENUM_CONVERSION = YES;
				CLANG_WARN_INFINITE_RECURSION = YES;
				CLANG_WARN_INT_CONVERSION = YES;
				CLANG_WARN_NON_LITERAL_NULL_CONVERSION = YES;
				CLANG_WARN_OBJC_IMPLICIT_RETAIN_SELF = YES;
				CLANG_WARN_OBJC_LITERAL_CONVERSION = YES;
				CLANG_WARN_OBJC_ROOT_CLASS = YES_ERROR;
				CLANG_WARN_QUOTED_INCLUDE_IN_FRAMEWORK_HEADER = YES;
				CLANG_WARN_RANGE_LOOP_ANALYSIS = YES;
				CLANG_WARN_STRICT_PROTOTYPES = YES;
				CLANG_WARN_SUSPICIOUS_MOVE = YES;
				CLANG_WARN_UNGUARDED_AVAILABILITY = YES_AGGRESSIVE;
				CLANG_WARN_UNREACHABLE_CODE = YES;
				CLANG_WARN__DUPLICATE_METHOD_MATCH = YES;
				COPY_PHASE_STRIP = NO;
				DEBUG_INFORMATION_FORMAT = dwarf;
				ENABLE_STRICT_OBJC_MSGSEND = YES;
				ENABLE_TESTABILITY = YES;
				GCC_C_LANGUAGE_STANDARD = gnu11;
				GCC_DYNAMIC_NO_PIC = NO;
				GCC_NO_COMMON_BLOCKS = YES;
				GCC_OPTIMIZATION_LEVEL = 0;
				GCC_PREPROCESSOR_DEFINITIONS = (
					"DEBUG=1",
					"$(inherited)",
				);
				GCC_WARN_64_TO_32_BIT_CONVERSION = YES;
				GCC_WARN_ABOUT_RETURN_TYPE = YES_ERROR;
				GCC_WARN_UNDECLARED_SELECTOR = YES;
				GCC_WARN_UNINITIALIZED_AUTOS = YES_AGGRESSIVE;
				GCC_WARN_UNUSED_FUNCTION = YES;
				GCC_WARN_UNUSED_VARIABLE = YES;
				IPHONEOS_DEPLOYMENT_TARGET = 15.4;
				MTL_ENABLE_DEBUG_INFO = INCLUDE_SOURCE;
				MTL_FAST_MATH = YES;
				ONLY_ACTIVE_ARCH = YES;
				SDKROOT = iphoneos;
				SWIFT_ACTIVE_COMPILATION_CONDITIONS = DEBUG;
				SWIFT_INSTALL_OBJC_HEADER = NO;
				SWIFT_OPTIMIZATION_LEVEL = "-Onone";
				SWIFT_PRECOMPILE_BRIDGING_HEADER = NO;
			};
			name = Debug;
		};
		37550D1B281598DB0034BB63 /* Release */ = {
			isa = XCBuildConfiguration;
			buildSettings = {
				ALWAYS_SEARCH_USER_PATHS = NO;
				CLANG_ANALYZER_NONNULL = YES;
				CLANG_ANALYZER_NUMBER_OBJECT_CONVERSION = YES_AGGRESSIVE;
				CLANG_CXX_LANGUAGE_STANDARD = "gnu++17";
				CLANG_ENABLE_MODULES = YES;
				CLANG_ENABLE_OBJC_ARC = YES;
				CLANG_ENABLE_OBJC_WEAK = YES;
				CLANG_WARN_BLOCK_CAPTURE_AUTORELEASING = YES;
				CLANG_WARN_BOOL_CONVERSION = YES;
				CLANG_WARN_COMMA = YES;
				CLANG_WARN_CONSTANT_CONVERSION = YES;
				CLANG_WARN_DEPRECATED_OBJC_IMPLEMENTATIONS = YES;
				CLANG_WARN_DIRECT_OBJC_ISA_USAGE = YES_ERROR;
				CLANG_WARN_DOCUMENTATION_COMMENTS = YES;
				CLANG_WARN_EMPTY_BODY = YES;
				CLANG_WARN_ENUM_CONVERSION = YES;
				CLANG_WARN_INFINITE_RECURSION = YES;
				CLANG_WARN_INT_CONVERSION = YES;
				CLANG_WARN_NON_LITERAL_NULL_CONVERSION = YES;
				CLANG_WARN_OBJC_IMPLICIT_RETAIN_SELF = YES;
				CLANG_WARN_OBJC_LITERAL_CONVERSION = YES;
				CLANG_WARN_OBJC_ROOT_CLASS = YES_ERROR;
				CLANG_WARN_QUOTED_INCLUDE_IN_FRAMEWORK_HEADER = YES;
				CLANG_WARN_RANGE_LOOP_ANALYSIS = YES;
				CLANG_WARN_STRICT_PROTOTYPES = YES;
				CLANG_WARN_SUSPICIOUS_MOVE = YES;
				CLANG_WARN_UNGUARDED_AVAILABILITY = YES_AGGRESSIVE;
				CLANG_WARN_UNREACHABLE_CODE = YES;
				CLANG_WARN__DUPLICATE_METHOD_MATCH = YES;
				COPY_PHASE_STRIP = NO;
				DEBUG_INFORMATION_FORMAT = "dwarf-with-dsym";
				ENABLE_NS_ASSERTIONS = NO;
				ENABLE_STRICT_OBJC_MSGSEND = YES;
				GCC_C_LANGUAGE_STANDARD = gnu11;
				GCC_NO_COMMON_BLOCKS = YES;
				GCC_WARN_64_TO_32_BIT_CONVERSION = YES;
				GCC_WARN_ABOUT_RETURN_TYPE = YES_ERROR;
				GCC_WARN_UNDECLARED_SELECTOR = YES;
				GCC_WARN_UNINITIALIZED_AUTOS = YES_AGGRESSIVE;
				GCC_WARN_UNUSED_FUNCTION = YES;
				GCC_WARN_UNUSED_VARIABLE = YES;
				IPHONEOS_DEPLOYMENT_TARGET = 15.4;
				MTL_ENABLE_DEBUG_INFO = NO;
				MTL_FAST_MATH = YES;
				SDKROOT = iphoneos;
				SWIFT_COMPILATION_MODE = wholemodule;
				SWIFT_INSTALL_OBJC_HEADER = NO;
				SWIFT_OPTIMIZATION_LEVEL = "-O";
				SWIFT_PRECOMPILE_BRIDGING_HEADER = NO;
				VALIDATE_PRODUCT = YES;
			};
			name = Release;
		};
		37550D1D281598DB0034BB63 /* Debug */ = {
			isa = XCBuildConfiguration;
			buildSettings = {
				ASSETCATALOG_COMPILER_APPICON_NAME = AppIcon;
				ASSETCATALOG_COMPILER_GLOBAL_ACCENT_COLOR_NAME = AccentColor;
				CLANG_ENABLE_MODULES = YES;
				CODE_SIGN_IDENTITY = "Apple Development";
				CODE_SIGN_STYLE = Automatic;
				CURRENT_PROJECT_VERSION = 1;
				DEVELOPMENT_TEAM = Z7FX9388V4;
				GENERATE_INFOPLIST_FILE = YES;
				INFOPLIST_FILE = "Snapstory Demo/Plists/Info.plist";
				INFOPLIST_KEY_CFBundleDisplayName = Snapstory;
				INFOPLIST_KEY_LSApplicationCategoryType = "public.app-category.social-networking";
				INFOPLIST_KEY_UIApplicationSupportsIndirectInputEvents = YES;
				INFOPLIST_KEY_UILaunchStoryboardName = LaunchScreen;
				INFOPLIST_KEY_UIMainStoryboardFile = Main;
				INFOPLIST_KEY_UISupportedInterfaceOrientations_iPad = "UIInterfaceOrientationPortrait UIInterfaceOrientationPortraitUpsideDown UIInterfaceOrientationLandscapeLeft UIInterfaceOrientationLandscapeRight";
				INFOPLIST_KEY_UISupportedInterfaceOrientations_iPhone = "UIInterfaceOrientationPortrait UIInterfaceOrientationLandscapeLeft UIInterfaceOrientationLandscapeRight";
				LD_RUNPATH_SEARCH_PATHS = (
					"$(inherited)",
					"@executable_path/Frameworks",
				);
				MARKETING_VERSION = 1.0;
				PRODUCT_BUNDLE_IDENTIFIER = "com.mertyilmaz.Snapstory-Demo";
				PRODUCT_NAME = "$(TARGET_NAME)";
				PROVISIONING_PROFILE_SPECIFIER = "";
				SWIFT_EMIT_LOC_STRINGS = YES;
				SWIFT_OPTIMIZATION_LEVEL = "-Onone";
				SWIFT_VERSION = 5.0;
				TARGETED_DEVICE_FAMILY = "1,2";
			};
			name = Debug;
		};
		37550D1E281598DB0034BB63 /* Release */ = {
			isa = XCBuildConfiguration;
			buildSettings = {
				ASSETCATALOG_COMPILER_APPICON_NAME = AppIcon;
				ASSETCATALOG_COMPILER_GLOBAL_ACCENT_COLOR_NAME = AccentColor;
				CLANG_ENABLE_MODULES = YES;
				CODE_SIGN_IDENTITY = "Apple Development";
				CODE_SIGN_STYLE = Automatic;
				CURRENT_PROJECT_VERSION = 1;
				DEVELOPMENT_TEAM = Z7FX9388V4;
				GENERATE_INFOPLIST_FILE = YES;
				INFOPLIST_FILE = "Snapstory Demo/Plists/Info.plist";
				INFOPLIST_KEY_CFBundleDisplayName = Snapstory;
				INFOPLIST_KEY_LSApplicationCategoryType = "public.app-category.social-networking";
				INFOPLIST_KEY_UIApplicationSupportsIndirectInputEvents = YES;
				INFOPLIST_KEY_UILaunchStoryboardName = LaunchScreen;
				INFOPLIST_KEY_UIMainStoryboardFile = Main;
				INFOPLIST_KEY_UISupportedInterfaceOrientations_iPad = "UIInterfaceOrientationPortrait UIInterfaceOrientationPortraitUpsideDown UIInterfaceOrientationLandscapeLeft UIInterfaceOrientationLandscapeRight";
				INFOPLIST_KEY_UISupportedInterfaceOrientations_iPhone = "UIInterfaceOrientationPortrait UIInterfaceOrientationLandscapeLeft UIInterfaceOrientationLandscapeRight";
				LD_RUNPATH_SEARCH_PATHS = (
					"$(inherited)",
					"@executable_path/Frameworks",
				);
				MARKETING_VERSION = 1.0;
				PRODUCT_BUNDLE_IDENTIFIER = "com.mertyilmaz.Snapstory-Demo";
				PRODUCT_NAME = "$(TARGET_NAME)";
				PROVISIONING_PROFILE_SPECIFIER = "";
				SWIFT_EMIT_LOC_STRINGS = YES;
				SWIFT_VERSION = 5.0;
				TARGETED_DEVICE_FAMILY = "1,2";
			};
			name = Release;
		};
/* End XCBuildConfiguration section */

/* Begin XCConfigurationList section */
		37550D00281598D90034BB63 /* Build configuration list for PBXProject "Snapstory Demo" */ = {
			isa = XCConfigurationList;
			buildConfigurations = (
				37550D1A281598DB0034BB63 /* Debug */,
				37550D1B281598DB0034BB63 /* Release */,
			);
			defaultConfigurationIsVisible = 0;
			defaultConfigurationName = Release;
		};
		37550D1C281598DB0034BB63 /* Build configuration list for PBXNativeTarget "Snapstory Demo" */ = {
			isa = XCConfigurationList;
			buildConfigurations = (
				37550D1D281598DB0034BB63 /* Debug */,
				37550D1E281598DB0034BB63 /* Release */,
			);
			defaultConfigurationIsVisible = 0;
			defaultConfigurationName = Release;
		};
/* End XCConfigurationList section */

/* Begin XCRemoteSwiftPackageReference section */
		374CC6F4281DF5B900383139 /* XCRemoteSwiftPackageReference "firebase-ios-sdk" */ = {
			isa = XCRemoteSwiftPackageReference;
			repositoryURL = "https://github.com/firebase/firebase-ios-sdk";
			requirement = {
				kind = upToNextMajorVersion;
				minimumVersion = 8.0.0;
			};
		};
/* End XCRemoteSwiftPackageReference section */

/* Begin XCSwiftPackageProductDependency section */
		374CC6F7281DF5B900383139 /* FirebaseAuth */ = {
			isa = XCSwiftPackageProductDependency;
			package = 374CC6F4281DF5B900383139 /* XCRemoteSwiftPackageReference "firebase-ios-sdk" */;
			productName = FirebaseAuth;
		};
		374CC6FB281DF5B900383139 /* FirebaseFirestore */ = {
			isa = XCSwiftPackageProductDependency;
			package = 374CC6F4281DF5B900383139 /* XCRemoteSwiftPackageReference "firebase-ios-sdk" */;
			productName = FirebaseFirestore;
		};
		374CC6FF281DF5B900383139 /* FirebaseStorage */ = {
			isa = XCSwiftPackageProductDependency;
			package = 374CC6F4281DF5B900383139 /* XCRemoteSwiftPackageReference "firebase-ios-sdk" */;
			productName = FirebaseStorage;
		};
		379D931C295C5B2600DE8085 /* FirebaseFirestoreSwift-Beta */ = {
			isa = XCSwiftPackageProductDependency;
			package = 374CC6F4281DF5B900383139 /* XCRemoteSwiftPackageReference "firebase-ios-sdk" */;
			productName = "FirebaseFirestoreSwift-Beta";
		};
/* End XCSwiftPackageProductDependency section */

/* Begin XCVersionGroup section */
		37550D11281598D90034BB63 /* Snapstory_Demo.xcdatamodeld */ = {
			isa = XCVersionGroup;
			children = (
				37550D12281598D90034BB63 /* Snapstory_Demo.xcdatamodel */,
			);
			currentVersion = 37550D12281598D90034BB63 /* Snapstory_Demo.xcdatamodel */;
			path = Snapstory_Demo.xcdatamodeld;
			sourceTree = "<group>";
			versionGroupType = wrapper.xcdatamodel;
		};
/* End XCVersionGroup section */
	};
	rootObject = 37550CFD281598D90034BB63 /* Project object */;
}
